
Microsoft Visual Studio Solution File, Format Version 12.00
# Visual Studio Version 17
VisualStudioVersion = 17.9.34728.123
MinimumVisualStudioVersion = 10.0.40219.1
Project("{FAE04EC0-301F-11D3-BF4B-00C04F79EFBC}") = "Sistema-de-Gerenciamento-de-Estados-de-Tarefas", "Sistema-de-Gerenciamento-de-Estados-de-Tarefas.csproj", "{030D26D0-EDF3-4A9F-B247-1884373EB817}"
EndProject
Global
	GlobalSection(SolutionConfigurationPlatforms) = preSolution
		Debug|Any CPU = Debug|Any CPU
		Release|Any CPU = Release|Any CPU
	EndGlobalSection
	GlobalSection(ProjectConfigurationPlatforms) = postSolution
		{030D26D0-EDF3-4A9F-B247-1884373EB817}.Debug|Any CPU.ActiveCfg = Debug|Any CPU
		{030D26D0-EDF3-4A9F-B247-1884373EB817}.Debug|Any CPU.Build.0 = Debug|Any CPU
		{030D26D0-EDF3-4A9F-B247-1884373EB817}.Release|Any CPU.ActiveCfg = Release|Any CPU
		{030D26D0-EDF3-4A9F-B247-1884373EB817}.Release|Any CPU.Build.0 = Release|Any CPU
	EndGlobalSection
	GlobalSection(SolutionProperties) = preSolution
		HideSolutionNode = FALSE
	EndGlobalSection
	GlobalSection(ExtensibilityGlobals) = postSolution
		SolutionGuid = {DB33B777-00ED-4DED-82DF-C0A09E3BB743}
	EndGlobalSection
EndGlobal
